
Microsoft Visual Studio Solution File, Format Version 12.00
# Visual Studio Version 16
VisualStudioVersion = 16.0.30503.244
MinimumVisualStudioVersion = 10.0.40219.1
Project("{FAE04EC0-301F-11D3-BF4B-00C04F79EFBC}") = "фактариал", "фактариал\фактариал.csproj", "{32977D78-FA73-4ACF-8CB7-09AB2E8F343E}"
EndProject
Global
	GlobalSection(SolutionConfigurationPlatforms) = preSolution
		Debug|Any CPU = Debug|Any CPU
		Release|Any CPU = Release|Any CPU
	EndGlobalSection
	GlobalSection(ProjectConfigurationPlatforms) = postSolution
		{32977D78-FA73-4ACF-8CB7-09AB2E8F343E}.Debug|Any CPU.ActiveCfg = Debug|Any CPU
		{32977D78-FA73-4ACF-8CB7-09AB2E8F343E}.Debug|Any CPU.Build.0 = Debug|Any CPU
		{32977D78-FA73-4ACF-8CB7-09AB2E8F343E}.Release|Any CPU.ActiveCfg = Release|Any CPU
		{32977D78-FA73-4ACF-8CB7-09AB2E8F343E}.Release|Any CPU.Build.0 = Release|Any CPU
	EndGlobalSection
	GlobalSection(SolutionProperties) = preSolution
		HideSolutionNode = FALSE
	EndGlobalSection
	GlobalSection(ExtensibilityGlobals) = postSolution
		SolutionGuid = {AB19229A-AE7C-4547-AEB5-184797C716D9}
	EndGlobalSection
EndGlobal
